<?xml version="1.0" encoding="utf-8"?>
<Project ToolsVersion="4.0" xmlns="http://schemas.microsoft.com/developer/msbuild/2003">
  <ItemGroup>
    <Filter Include="Platform">
      <UniqueIdentifier>{2AC788B4-1694-E3BF-3FAD-D1672BD9184E}</UniqueIdentifier>
    </Filter>
    <Filter Include="Platform\OpenGL">
      <UniqueIdentifier>{1E7D2C1D-8A08-9AE1-9319-1DD6FF23F6E1}</UniqueIdentifier>
    </Filter>
    <Filter Include="Platform\Windows">
      <UniqueIdentifier>{64FBD71A-50F4-F66C-7926-DCF1657ED678}</UniqueIdentifier>
    </Filter>
    <Filter Include="Ramensoup">
      <UniqueIdentifier>{9FCA1681-0B35-CBF7-5473-7C9DC01CA94C}</UniqueIdentifier>
    </Filter>
    <Filter Include="Ramensoup\Core">
      <UniqueIdentifier>{576A4247-4338-364D-2CCC-A673183912B2}</UniqueIdentifier>
    </Filter>
    <Filter Include="Ramensoup\Events">
      <UniqueIdentifier>{A36DA826-8F66-C778-B898-ACFDA4F0A684}</UniqueIdentifier>
    </Filter>
    <Filter Include="Ramensoup\ImGui">
      <UniqueIdentifier>{097BFA2F-7506-68F4-7E17-EBE8EA21C4F4}</UniqueIdentifier>
    </Filter>
    <Filter Include="Ramensoup\Renderer">
      <UniqueIdentifier>{25717569-1155-36BF-7AB5-301266B82041}</UniqueIdentifier>
    </Filter>
  </ItemGroup>
  <ItemGroup>
    <ClInclude Include="src\Platform\OpenGL\OpenGLContext.h">
      <Filter>Platform\OpenGL</Filter>
    </ClInclude>
    <ClInclude Include="src\Platform\Windows\WindowsWindow.h">
      <Filter>Platform\Windows</Filter>
    </ClInclude>
    <ClInclude Include="src\Ramensoup.h" />
    <ClInclude Include="src\Ramensoup\Core\Application.h">
      <Filter>Ramensoup\Core</Filter>
    </ClInclude>
    <ClInclude Include="src\Ramensoup\Core\Debug.h">
      <Filter>Ramensoup\Core</Filter>
    </ClInclude>
    <ClInclude Include="src\Ramensoup\Core\Entrypoint.h">
      <Filter>Ramensoup\Core</Filter>
    </ClInclude>
    <ClInclude Include="src\Ramensoup\Core\EventQueue.h">
      <Filter>Ramensoup\Core</Filter>
    </ClInclude>
    <ClInclude Include="src\Ramensoup\Core\Layer.h">
      <Filter>Ramensoup\Core</Filter>
    </ClInclude>
    <ClInclude Include="src\Ramensoup\Core\LayerStack.h">
      <Filter>Ramensoup\Core</Filter>
    </ClInclude>
    <ClInclude Include="src\Ramensoup\Core\Logger.h">
      <Filter>Ramensoup\Core</Filter>
    </ClInclude>
    <ClInclude Include="src\Ramensoup\Core\Utils.h">
      <Filter>Ramensoup\Core</Filter>
    </ClInclude>
    <ClInclude Include="src\Ramensoup\Core\Window.h">
      <Filter>Ramensoup\Core</Filter>
    </ClInclude>
    <ClInclude Include="src\Ramensoup\Events\Event.h">
      <Filter>Ramensoup\Events</Filter>
    </ClInclude>
    <ClInclude Include="src\Ramensoup\Events\KeyEvents.h">
      <Filter>Ramensoup\Events</Filter>
    </ClInclude>
    <ClInclude Include="src\Ramensoup\Events\MouseEvents.h">
      <Filter>Ramensoup\Events</Filter>
    </ClInclude>
    <ClInclude Include="src\Ramensoup\Events\WindowEvents.h">
      <Filter>Ramensoup\Events</Filter>
    </ClInclude>
    <ClInclude Include="src\Ramensoup\ImGui\ImGuiCommands.h">
      <Filter>Ramensoup\ImGui</Filter>
    </ClInclude>
    <ClInclude Include="src\Ramensoup\ImGui\ImGuiLayer.h">
      <Filter>Ramensoup\ImGui</Filter>
    </ClInclude>
    <ClInclude Include="src\Ramensoup\Renderer\RenderContext.h">
      <Filter>Ramensoup\Renderer</Filter>
    </ClInclude>
    <ClInclude Include="src\pch.h" />
    <ClInclude Include="src\Ramensoup\Renderer\GraphicsAPI.h" />
    <ClInclude Include="src\Ramensoup\Renderer\VertexBuffer.h" />
    <ClInclude Include="src\Platform\OpenGL\OpenGLVertexBuffer.h" />
    <ClInclude Include="src\Ramensoup\Renderer\IndexBuffer.h" />
    <ClInclude Include="src\Platform\OpenGL\OpenGLIndexBuffer.h" />
    <ClInclude Include="src\Platform\OpenGL\OpenGLVertexArray.h" />
    <ClInclude Include="src\Platform\OpenGL\OpenGLGraphicsAPI.h" />
    <ClInclude Include="src\Ramensoup\Renderer\Renderer.h" />
  </ItemGroup>
  <ItemGroup>
    <ClCompile Include="src\Platform\OpenGL\OpenGLContext.cpp">
      <Filter>Platform\OpenGL</Filter>
    </ClCompile>
    <ClCompile Include="src\Platform\Windows\WindowsImGuiCommands.cpp">
      <Filter>Platform\Windows</Filter>
    </ClCompile>
    <ClCompile Include="src\Platform\Windows\WindowsWindow.cpp">
      <Filter>Platform\Windows</Filter>
    </ClCompile>
    <ClCompile Include="src\Ramensoup\Core\Application.cpp">
      <Filter>Ramensoup\Core</Filter>
    </ClCompile>
    <ClCompile Include="src\Ramensoup\Core\EventQueue.cpp">
      <Filter>Ramensoup\Core</Filter>
    </ClCompile>
    <ClCompile Include="src\Ramensoup\Core\Layer.cpp">
      <Filter>Ramensoup\Core</Filter>
    </ClCompile>
    <ClCompile Include="src\Ramensoup\Core\LayerStack.cpp">
      <Filter>Ramensoup\Core</Filter>
    </ClCompile>
    <ClCompile Include="src\Ramensoup\Core\Logger.cpp">
      <Filter>Ramensoup\Core</Filter>
    </ClCompile>
    <ClCompile Include="src\Ramensoup\ImGui\ImGuiLayer.cpp">
      <Filter>Ramensoup\ImGui</Filter>
    </ClCompile>
    <ClCompile Include="src\pch.cpp" />
    <ClCompile Include="src\Ramensoup\Renderer\GraphicsAPI.cpp" />
    <ClCompile Include="src\Ramensoup\Renderer\VertexBuffer.cpp" />
    <ClCompile Include="src\Platform\OpenGL\OpenGLVertexBuffer.cpp" />
    <ClCompile Include="src\Ramensoup\Renderer\IndexBuffer.cpp" />
    <ClCompile Include="src\Platform\OpenGL\OpenGLIndexBuffer.cpp" />
    <ClCompile Include="src\Platform\OpenGL\OpenGLVertexArray.cpp" />
    <ClCompile Include="src\Platform\OpenGL\OpenGLGraphicsAPI.cpp" />
    <ClCompile Include="src\Ramensoup\Renderer\Renderer.cpp" />
  </ItemGroup>
</Project>