<?xml version="1.0" encoding="utf-8"?>
<Project ToolsVersion="4.0" xmlns="http://schemas.microsoft.com/developer/msbuild/2003">
  <ItemGroup>
    <Filter Include="src">
      <UniqueIdentifier>{2DAB880B-99B4-887C-2230-9F7C8E38947C}</UniqueIdentifier>
    </Filter>
    <Filter Include="src\Platform">
      <UniqueIdentifier>{21CA02E5-0D2D-9289-B6B2-CA3FA2F45D0C}</UniqueIdentifier>
    </Filter>
    <Filter Include="src\Platform\OpenGL">
      <UniqueIdentifier>{35A49437-A105-7245-2A73-B8F796D3A804}</UniqueIdentifier>
    </Filter>
    <Filter Include="src\Platform\Windows">
      <UniqueIdentifier>{5B054582-4794-CE4B-F0B2-E246DC20DFF1}</UniqueIdentifier>
    </Filter>
    <Filter Include="src\Ramensoup">
      <UniqueIdentifier>{762CD1C0-E2EC-4CF7-AB27-967417A791D3}</UniqueIdentifier>
    </Filter>
    <Filter Include="src\Ramensoup\Core">
      <UniqueIdentifier>{8E8A26A5-7A6E-E7FA-E3CE-E14DCFD1D17C}</UniqueIdentifier>
    </Filter>
    <Filter Include="src\Ramensoup\Debug">
      <UniqueIdentifier>{6C37044A-D898-E157-6106-280ACD661817}</UniqueIdentifier>
    </Filter>
    <Filter Include="src\Ramensoup\Events">
      <UniqueIdentifier>{9A77158E-8606-9F57-2F25-B3521B93AFFD}</UniqueIdentifier>
    </Filter>
    <Filter Include="src\Ramensoup\ImGui">
      <UniqueIdentifier>{20A2624A-8C03-4058-1571-860A81D17617}</UniqueIdentifier>
    </Filter>
    <Filter Include="src\Ramensoup\Renderer">
      <UniqueIdentifier>{DCD44C60-C8CE-75B2-B13B-0CC39DD4DB1E}</UniqueIdentifier>
    </Filter>
    <Filter Include="vendor">
      <UniqueIdentifier>{B3738122-9F15-ACF8-88D0-BF4C74113349}</UniqueIdentifier>
    </Filter>
    <Filter Include="vendor\stb_image">
      <UniqueIdentifier>{0DA0BA59-F998-D9AB-22CB-BE300E23B9B7}</UniqueIdentifier>
    </Filter>
  </ItemGroup>
  <ItemGroup>
    <ClInclude Include="src\Platform\OpenGL\OpenGLContext.h">
      <Filter>src\Platform\OpenGL</Filter>
    </ClInclude>
    <ClInclude Include="src\Platform\OpenGL\OpenGLFrameBuffer.h">
      <Filter>src\Platform\OpenGL</Filter>
    </ClInclude>
    <ClInclude Include="src\Platform\OpenGL\OpenGLGraphicsAPI.h">
      <Filter>src\Platform\OpenGL</Filter>
    </ClInclude>
    <ClInclude Include="src\Platform\OpenGL\OpenGLIndexBuffer.h">
      <Filter>src\Platform\OpenGL</Filter>
    </ClInclude>
    <ClInclude Include="src\Platform\OpenGL\OpenGLShader.h">
      <Filter>src\Platform\OpenGL</Filter>
    </ClInclude>
    <ClInclude Include="src\Platform\OpenGL\OpenGLTexture2D.h">
      <Filter>src\Platform\OpenGL</Filter>
    </ClInclude>
    <ClInclude Include="src\Platform\OpenGL\OpenGLVertexArray.h">
      <Filter>src\Platform\OpenGL</Filter>
    </ClInclude>
    <ClInclude Include="src\Platform\OpenGL\OpenGLVertexBuffer.h">
      <Filter>src\Platform\OpenGL</Filter>
    </ClInclude>
    <ClInclude Include="src\Platform\Windows\WindowsWindow.h">
      <Filter>src\Platform\Windows</Filter>
    </ClInclude>
    <ClInclude Include="src\Ramensoup.h">
      <Filter>src</Filter>
    </ClInclude>
    <ClInclude Include="src\Ramensoup\Core\Application.h">
      <Filter>src\Ramensoup\Core</Filter>
    </ClInclude>
    <ClInclude Include="src\Ramensoup\Core\Entrypoint.h">
      <Filter>src\Ramensoup\Core</Filter>
    </ClInclude>
    <ClInclude Include="src\Ramensoup\Core\EventQueue.h">
      <Filter>src\Ramensoup\Core</Filter>
    </ClInclude>
    <ClInclude Include="src\Ramensoup\Core\Input.h">
      <Filter>src\Ramensoup\Core</Filter>
    </ClInclude>
    <ClInclude Include="src\Ramensoup\Core\KeyCodes.h">
      <Filter>src\Ramensoup\Core</Filter>
    </ClInclude>
    <ClInclude Include="src\Ramensoup\Core\Layer.h">
      <Filter>src\Ramensoup\Core</Filter>
    </ClInclude>
    <ClInclude Include="src\Ramensoup\Core\LayerStack.h">
      <Filter>src\Ramensoup\Core</Filter>
    </ClInclude>
    <ClInclude Include="src\Ramensoup\Debug\Logger.h">
      <Filter>src\Ramensoup\Core</Filter>
    </ClInclude>
    <ClInclude Include="src\Ramensoup\Core\Time.h">
      <Filter>src\Ramensoup\Core</Filter>
    </ClInclude>
    <ClInclude Include="src\Ramensoup\Core\Utils.h">
      <Filter>src\Ramensoup\Core</Filter>
    </ClInclude>
    <ClInclude Include="src\Ramensoup\Core\Window.h">
      <Filter>src\Ramensoup\Core</Filter>
    </ClInclude>
    <ClInclude Include="src\Ramensoup\Core\MacroSetup.h">
      <Filter>src\Ramensoup\Debug</Filter>
    </ClInclude>
    <ClInclude Include="src\Ramensoup\Events\Event.h">
      <Filter>src\Ramensoup\Events</Filter>
    </ClInclude>
    <ClInclude Include="src\Ramensoup\Events\KeyEvents.h">
      <Filter>src\Ramensoup\Events</Filter>
    </ClInclude>
    <ClInclude Include="src\Ramensoup\Events\MouseEvents.h">
      <Filter>src\Ramensoup\Events</Filter>
    </ClInclude>
    <ClInclude Include="src\Ramensoup\Events\WindowEvents.h">
      <Filter>src\Ramensoup\Events</Filter>
    </ClInclude>
    <ClInclude Include="src\Ramensoup\ImGui\ImGuiCommands.h">
      <Filter>src\Ramensoup\ImGui</Filter>
    </ClInclude>
    <ClInclude Include="src\Ramensoup\ImGui\ImGuiLayer.h">
      <Filter>src\Ramensoup\ImGui</Filter>
    </ClInclude>
    <ClInclude Include="src\Ramensoup\Renderer\Camera.h">
      <Filter>src\Ramensoup\Renderer</Filter>
    </ClInclude>
    <ClInclude Include="src\Ramensoup\Renderer\Defs.h">
      <Filter>src\Ramensoup\Renderer</Filter>
    </ClInclude>
    <ClInclude Include="src\Ramensoup\Renderer\FrameBuffer.h">
      <Filter>src\Ramensoup\Renderer</Filter>
    </ClInclude>
    <ClInclude Include="src\Ramensoup\Renderer\GraphicsAPI.h">
      <Filter>src\Ramensoup\Renderer</Filter>
    </ClInclude>
    <ClInclude Include="src\Ramensoup\Renderer\IndexBuffer.h">
      <Filter>src\Ramensoup\Renderer</Filter>
    </ClInclude>
    <ClInclude Include="src\Ramensoup\Renderer\Material.h">
      <Filter>src\Ramensoup\Renderer</Filter>
    </ClInclude>
    <ClInclude Include="src\Ramensoup\Renderer\Mesh.h">
      <Filter>src\Ramensoup\Renderer</Filter>
    </ClInclude>
    <ClInclude Include="src\Ramensoup\Renderer\MeshLoader.h">
      <Filter>src\Ramensoup\Renderer</Filter>
    </ClInclude>
    <ClInclude Include="src\Ramensoup\Renderer\RenderContext.h">
      <Filter>src\Ramensoup\Renderer</Filter>
    </ClInclude>
    <ClInclude Include="src\Ramensoup\Renderer\Renderer.h">
      <Filter>src\Ramensoup\Renderer</Filter>
    </ClInclude>
    <ClInclude Include="src\Ramensoup\Renderer\Shader.h">
      <Filter>src\Ramensoup\Renderer</Filter>
    </ClInclude>
    <ClInclude Include="src\Ramensoup\Renderer\Texture.h">
      <Filter>src\Ramensoup\Renderer</Filter>
    </ClInclude>
    <ClInclude Include="src\Ramensoup\Renderer\VertexBuffer.h">
      <Filter>src\Ramensoup\Renderer</Filter>
    </ClInclude>
    <ClInclude Include="src\pch.h">
      <Filter>src</Filter>
    </ClInclude>
    <ClInclude Include="vendor\stb_image\stb_image.h">
      <Filter>vendor\stb_image</Filter>
    </ClInclude>
    <ClInclude Include="src\Ramensoup\Debug\ProfileLayer.h" />
  </ItemGroup>
  <ItemGroup>
    <ClCompile Include="src\Platform\OpenGL\OpenGLContext.cpp">
      <Filter>src\Platform\OpenGL</Filter>
    </ClCompile>
    <ClCompile Include="src\Platform\OpenGL\OpenGLFrameBuffer.cpp">
      <Filter>src\Platform\OpenGL</Filter>
    </ClCompile>
    <ClCompile Include="src\Platform\OpenGL\OpenGLGraphicsAPI.cpp">
      <Filter>src\Platform\OpenGL</Filter>
    </ClCompile>
    <ClCompile Include="src\Platform\OpenGL\OpenGLIndexBuffer.cpp">
      <Filter>src\Platform\OpenGL</Filter>
    </ClCompile>
    <ClCompile Include="src\Platform\OpenGL\OpenGLShader.cpp">
      <Filter>src\Platform\OpenGL</Filter>
    </ClCompile>
    <ClCompile Include="src\Platform\OpenGL\OpenGLTexture2D.cpp">
      <Filter>src\Platform\OpenGL</Filter>
    </ClCompile>
    <ClCompile Include="src\Platform\OpenGL\OpenGLVertexArray.cpp">
      <Filter>src\Platform\OpenGL</Filter>
    </ClCompile>
    <ClCompile Include="src\Platform\OpenGL\OpenGLVertexBuffer.cpp">
      <Filter>src\Platform\OpenGL</Filter>
    </ClCompile>
    <ClCompile Include="src\Platform\Windows\WindowsImGuiCommands.cpp">
      <Filter>src\Platform\Windows</Filter>
    </ClCompile>
    <ClCompile Include="src\Platform\Windows\WindowsInput.cpp">
      <Filter>src\Platform\Windows</Filter>
    </ClCompile>
    <ClCompile Include="src\Platform\Windows\WindowsWindow.cpp">
      <Filter>src\Platform\Windows</Filter>
    </ClCompile>
    <ClCompile Include="src\Ramensoup\Core\Application.cpp">
      <Filter>src\Ramensoup\Core</Filter>
    </ClCompile>
    <ClCompile Include="src\Ramensoup\Core\EventQueue.cpp">
      <Filter>src\Ramensoup\Core</Filter>
    </ClCompile>
    <ClCompile Include="src\Ramensoup\Core\Layer.cpp">
      <Filter>src\Ramensoup\Core</Filter>
    </ClCompile>
    <ClCompile Include="src\Ramensoup\Core\LayerStack.cpp">
      <Filter>src\Ramensoup\Core</Filter>
    </ClCompile>
    <ClCompile Include="src\Ramensoup\Debug\Logger.cpp">
      <Filter>src\Ramensoup\Core</Filter>
    </ClCompile>
    <ClCompile Include="src\Ramensoup\Core\Time.cpp">
      <Filter>src\Ramensoup\Core</Filter>
    </ClCompile>
    <ClCompile Include="src\Ramensoup\ImGui\ImGuiCommands.cpp">
      <Filter>src\Ramensoup\ImGui</Filter>
    </ClCompile>
    <ClCompile Include="src\Ramensoup\ImGui\ImGuiLayer.cpp">
      <Filter>src\Ramensoup\ImGui</Filter>
    </ClCompile>
    <ClCompile Include="src\Ramensoup\Renderer\Camera.cpp">
      <Filter>src\Ramensoup\Renderer</Filter>
    </ClCompile>
    <ClCompile Include="src\Ramensoup\Renderer\FrameBuffer.cpp">
      <Filter>src\Ramensoup\Renderer</Filter>
    </ClCompile>
    <ClCompile Include="src\Ramensoup\Renderer\GraphicsAPI.cpp">
      <Filter>src\Ramensoup\Renderer</Filter>
    </ClCompile>
    <ClCompile Include="src\Ramensoup\Renderer\IndexBuffer.cpp">
      <Filter>src\Ramensoup\Renderer</Filter>
    </ClCompile>
    <ClCompile Include="src\Ramensoup\Renderer\Material.cpp">
      <Filter>src\Ramensoup\Renderer</Filter>
    </ClCompile>
    <ClCompile Include="src\Ramensoup\Renderer\Mesh.cpp">
      <Filter>src\Ramensoup\Renderer</Filter>
    </ClCompile>
    <ClCompile Include="src\Ramensoup\Renderer\MeshLoader.cpp">
      <Filter>src\Ramensoup\Renderer</Filter>
    </ClCompile>
    <ClCompile Include="src\Ramensoup\Renderer\Renderer.cpp">
      <Filter>src\Ramensoup\Renderer</Filter>
    </ClCompile>
    <ClCompile Include="src\Ramensoup\Renderer\Shader.cpp">
      <Filter>src\Ramensoup\Renderer</Filter>
    </ClCompile>
    <ClCompile Include="src\Ramensoup\Renderer\Texture.cpp">
      <Filter>src\Ramensoup\Renderer</Filter>
    </ClCompile>
    <ClCompile Include="src\Ramensoup\Renderer\VertexBuffer.cpp">
      <Filter>src\Ramensoup\Renderer</Filter>
    </ClCompile>
    <ClCompile Include="src\pch.cpp">
      <Filter>src</Filter>
    </ClCompile>
    <ClCompile Include="vendor\stb_image\stb_image.cpp">
      <Filter>vendor\stb_image</Filter>
    </ClCompile>
    <ClCompile Include="src\Ramensoup\Debug\ProfileLayer.cpp" />
  </ItemGroup>
</Project>